
Microsoft Visual Studio Solution File, Format Version 12.00
# Visual Studio Version 17
VisualStudioVersion = 17.5.002.0
MinimumVisualStudioVersion = 10.0.40219.1
Project("{2150E333-8FDC-42A3-9474-1A3956D46DE8}") = "Back", "Back", "{1D87CF69-2BC7-4C88-8A27-FBC20C4A2B2F}"
EndProject
Project("{2150E333-8FDC-42A3-9474-1A3956D46DE8}") = "src", "src", "{B0E5B9C6-901D-4C0B-9C10-181FD887BB50}"
EndProject
Project("{9A19103F-16F7-4668-BE54-9A1E7A4F7556}") = "ProEventos.Api", "Back\src\ProEventos.Api\ProEventos.Api.csproj", "{2624C08C-2996-4F49-A1A5-ACC65166B0B6}"
EndProject
Global
	GlobalSection(SolutionConfigurationPlatforms) = preSolution
		Debug|Any CPU = Debug|Any CPU
		Release|Any CPU = Release|Any CPU
	EndGlobalSection
	GlobalSection(ProjectConfigurationPlatforms) = postSolution
		{2624C08C-2996-4F49-A1A5-ACC65166B0B6}.Debug|Any CPU.ActiveCfg = Debug|Any CPU
		{2624C08C-2996-4F49-A1A5-ACC65166B0B6}.Debug|Any CPU.Build.0 = Debug|Any CPU
		{2624C08C-2996-4F49-A1A5-ACC65166B0B6}.Release|Any CPU.ActiveCfg = Release|Any CPU
		{2624C08C-2996-4F49-A1A5-ACC65166B0B6}.Release|Any CPU.Build.0 = Release|Any CPU
	EndGlobalSection
	GlobalSection(SolutionProperties) = preSolution
		HideSolutionNode = FALSE
	EndGlobalSection
	GlobalSection(NestedProjects) = preSolution
		{B0E5B9C6-901D-4C0B-9C10-181FD887BB50} = {1D87CF69-2BC7-4C88-8A27-FBC20C4A2B2F}
		{2624C08C-2996-4F49-A1A5-ACC65166B0B6} = {B0E5B9C6-901D-4C0B-9C10-181FD887BB50}
	EndGlobalSection
	GlobalSection(ExtensibilityGlobals) = postSolution
		SolutionGuid = {406DD6DC-48AC-4788-9744-B10511747422}
	EndGlobalSection
EndGlobal
